
Microsoft Visual Studio Solution File, Format Version 12.00
# Visual Studio 15
VisualStudioVersion = 15.0.28307.421
MinimumVisualStudioVersion = 10.0.40219.1
Project("{FAE04EC0-301F-11D3-BF4B-00C04F79EFBC}") = "Assign04", "Assign04\Assign04.csproj", "{2549F960-83CB-4122-95BA-FA323F2E82F5}"
EndProject
Global
	GlobalSection(SolutionConfigurationPlatforms) = preSolution
		Debug|Any CPU = Debug|Any CPU
		Release|Any CPU = Release|Any CPU
	EndGlobalSection
	GlobalSection(ProjectConfigurationPlatforms) = postSolution
		{2549F960-83CB-4122-95BA-FA323F2E82F5}.Debug|Any CPU.ActiveCfg = Debug|Any CPU
		{2549F960-83CB-4122-95BA-FA323F2E82F5}.Debug|Any CPU.Build.0 = Debug|Any CPU
		{2549F960-83CB-4122-95BA-FA323F2E82F5}.Release|Any CPU.ActiveCfg = Release|Any CPU
		{2549F960-83CB-4122-95BA-FA323F2E82F5}.Release|Any CPU.Build.0 = Release|Any CPU
	EndGlobalSection
	GlobalSection(SolutionProperties) = preSolution
		HideSolutionNode = FALSE
	EndGlobalSection
	GlobalSection(ExtensibilityGlobals) = postSolution
		SolutionGuid = {DFAFD0AD-7EA0-4DC4-93F6-7D9AA43BBE4E}
	EndGlobalSection
EndGlobal
